dependencies:
- name: hubot
  repository: https://charts.helm.sh/stable
  version: 1.0.0
- name: hubot
  repository: https://charts.helm.sh/stable
  version: 1.0.0
- name: redis
  repository: https://charts.bitnami.com/bitnami
  version: 12.9.0
digest: sha256:11874404a88fa3fd833dd20536c696d5c2bb9ada0b6554585dc10ec8c334edae
generated: "2021-03-25T11:27:25.496299163Z"
